
Microsoft Visual Studio Solution File, Format Version 12.00
# Visual Studio 15
Project("{FAE04EC0-301F-11D3-BF4B-00C04F79EFBC}") = "Assembly-CSharp", "Assembly-CSharp.csproj", "{3FB1B738-9C73-45B6-B676-68F1C2294177}"
EndProject
Project("{FAE04EC0-301F-11D3-BF4B-00C04F79EFBC}") = "Assembly-CSharp-Editor", "Assembly-CSharp-Editor.csproj", "{42C43772-5892-3C3E-D365-E8B13391E131}"
EndProject
Global
	GlobalSection(SolutionConfigurationPlatforms) = preSolution
		Debug|Any CPU = Debug|Any CPU
		Release|Any CPU = Release|Any CPU
	EndGlobalSection
	GlobalSection(ProjectConfigurationPlatforms) = postSolution
		{3FB1B738-9C73-45B6-B676-68F1C2294177}.Debug|Any CPU.ActiveCfg = Debug|Any CPU
		{3FB1B738-9C73-45B6-B676-68F1C2294177}.Debug|Any CPU.Build.0 = Debug|Any CPU
		{3FB1B738-9C73-45B6-B676-68F1C2294177}.Release|Any CPU.ActiveCfg = Release|Any CPU
		{3FB1B738-9C73-45B6-B676-68F1C2294177}.Release|Any CPU.Build.0 = Release|Any CPU
		{42C43772-5892-3C3E-D365-E8B13391E131}.Debug|Any CPU.ActiveCfg = Debug|Any CPU
		{42C43772-5892-3C3E-D365-E8B13391E131}.Debug|Any CPU.Build.0 = Debug|Any CPU
		{42C43772-5892-3C3E-D365-E8B13391E131}.Release|Any CPU.ActiveCfg = Release|Any CPU
		{42C43772-5892-3C3E-D365-E8B13391E131}.Release|Any CPU.Build.0 = Release|Any CPU
	EndGlobalSection
	GlobalSection(SolutionProperties) = preSolution
		HideSolutionNode = FALSE
	EndGlobalSection
EndGlobal
